
Microsoft Visual Studio Solution File, Format Version 12.00
# Visual Studio Version 17
VisualStudioVersion = 17.0.31903.59
MinimumVisualStudioVersion = 10.0.40219.1
Project("{FAE04EC0-301F-11D3-BF4B-00C04F79EFBC}") = "WebView2AutoExample", "WebView2AutoExample\WebView2AutoExample.csproj", "{FFE33DA0-4985-4A82-B08D-FA15C3B0E1CF}"
EndProject
Project("{FAE04EC0-301F-11D3-BF4B-00C04F79EFBC}") = "WebView2AutoExample.Simulation", "WebView2AutoExample.Simulation\WebView2AutoExample.Simulation.csproj", "{9E91BE92-D47B-4AAD-8FB7-BA90325CBA51}"
EndProject
Global
	GlobalSection(SolutionConfigurationPlatforms) = preSolution
		Debug|Any CPU = Debug|Any CPU
		Release|Any CPU = Release|Any CPU
	EndGlobalSection
	GlobalSection(ProjectConfigurationPlatforms) = postSolution
		{FFE33DA0-4985-4A82-B08D-FA15C3B0E1CF}.Debug|Any CPU.ActiveCfg = Debug|Any CPU
		{FFE33DA0-4985-4A82-B08D-FA15C3B0E1CF}.Debug|Any CPU.Build.0 = Debug|Any CPU
		{FFE33DA0-4985-4A82-B08D-FA15C3B0E1CF}.Release|Any CPU.ActiveCfg = Release|Any CPU
		{FFE33DA0-4985-4A82-B08D-FA15C3B0E1CF}.Release|Any CPU.Build.0 = Release|Any CPU
		{9E91BE92-D47B-4AAD-8FB7-BA90325CBA51}.Debug|Any CPU.ActiveCfg = Debug|Any CPU
		{9E91BE92-D47B-4AAD-8FB7-BA90325CBA51}.Debug|Any CPU.Build.0 = Debug|Any CPU
		{9E91BE92-D47B-4AAD-8FB7-BA90325CBA51}.Release|Any CPU.ActiveCfg = Release|Any CPU
		{9E91BE92-D47B-4AAD-8FB7-BA90325CBA51}.Release|Any CPU.Build.0 = Release|Any CPU
	EndGlobalSection
	GlobalSection(SolutionProperties) = preSolution
		HideSolutionNode = FALSE
	EndGlobalSection
	GlobalSection(ExtensibilityGlobals) = postSolution
		SolutionGuid = {A928DD04-8302-45FE-AD2B-C9D692B83ACF}
	EndGlobalSection
EndGlobal
